
Microsoft Visual Studio Solution File, Format Version 12.00
# Visual Studio 14
VisualStudioVersion = 14.0.25420.1
MinimumVisualStudioVersion = 10.0.40219.1
Project("{FAE04EC0-301F-11D3-BF4B-00C04F79EFBC}") = "CarApplication", "CarApplication\CarApplication.csproj", "{FC1753B0-01E7-4705-AEA8-B76F361A6B32}"
EndProject
Project("{FAE04EC0-301F-11D3-BF4B-00C04F79EFBC}") = "KiuasApp", "KiuasApp\KiuasApp.csproj", "{237D289A-AB6B-4E44-BCB6-A8B7B788E811}"
EndProject
Global
	GlobalSection(SolutionConfigurationPlatforms) = preSolution
		Debug|Any CPU = Debug|Any CPU
		Release|Any CPU = Release|Any CPU
	EndGlobalSection
	GlobalSection(ProjectConfigurationPlatforms) = postSolution
		{FC1753B0-01E7-4705-AEA8-B76F361A6B32}.Debug|Any CPU.ActiveCfg = Debug|Any CPU
		{FC1753B0-01E7-4705-AEA8-B76F361A6B32}.Debug|Any CPU.Build.0 = Debug|Any CPU
		{FC1753B0-01E7-4705-AEA8-B76F361A6B32}.Release|Any CPU.ActiveCfg = Release|Any CPU
		{FC1753B0-01E7-4705-AEA8-B76F361A6B32}.Release|Any CPU.Build.0 = Release|Any CPU
		{237D289A-AB6B-4E44-BCB6-A8B7B788E811}.Debug|Any CPU.ActiveCfg = Debug|Any CPU
		{237D289A-AB6B-4E44-BCB6-A8B7B788E811}.Debug|Any CPU.Build.0 = Debug|Any CPU
		{237D289A-AB6B-4E44-BCB6-A8B7B788E811}.Release|Any CPU.ActiveCfg = Release|Any CPU
		{237D289A-AB6B-4E44-BCB6-A8B7B788E811}.Release|Any CPU.Build.0 = Release|Any CPU
	EndGlobalSection
	GlobalSection(SolutionProperties) = preSolution
		HideSolutionNode = FALSE
	EndGlobalSection
EndGlobal
